
Microsoft Visual Studio Solution File, Format Version 12.00
# Visual Studio Version 16
VisualStudioVersion = 16.0.31424.327
MinimumVisualStudioVersion = 10.0.40219.1
Project("{FAE04EC0-301F-11D3-BF4B-00C04F79EFBC}") = "Blacklist", "Blacklist\Blacklist.csproj", "{09E6ED02-860E-46B5-BCAD-FD3FEF961B1F}"
EndProject
Project("{FAE04EC0-301F-11D3-BF4B-00C04F79EFBC}") = "BlackListUnitTest", "BlackListUnitTest\BlackListUnitTest.csproj", "{C1753501-8E38-4AF0-A299-9D03DC82D861}"
EndProject
Global
	GlobalSection(SolutionConfigurationPlatforms) = preSolution
		Debug|Any CPU = Debug|Any CPU
		Release|Any CPU = Release|Any CPU
	EndGlobalSection
	GlobalSection(ProjectConfigurationPlatforms) = postSolution
		{09E6ED02-860E-46B5-BCAD-FD3FEF961B1F}.Debug|Any CPU.ActiveCfg = Debug|Any CPU
		{09E6ED02-860E-46B5-BCAD-FD3FEF961B1F}.Debug|Any CPU.Build.0 = Debug|Any CPU
		{09E6ED02-860E-46B5-BCAD-FD3FEF961B1F}.Release|Any CPU.ActiveCfg = Release|Any CPU
		{09E6ED02-860E-46B5-BCAD-FD3FEF961B1F}.Release|Any CPU.Build.0 = Release|Any CPU
		{C1753501-8E38-4AF0-A299-9D03DC82D861}.Debug|Any CPU.ActiveCfg = Debug|Any CPU
		{C1753501-8E38-4AF0-A299-9D03DC82D861}.Debug|Any CPU.Build.0 = Debug|Any CPU
		{C1753501-8E38-4AF0-A299-9D03DC82D861}.Release|Any CPU.ActiveCfg = Release|Any CPU
		{C1753501-8E38-4AF0-A299-9D03DC82D861}.Release|Any CPU.Build.0 = Release|Any CPU
	EndGlobalSection
	GlobalSection(SolutionProperties) = preSolution
		HideSolutionNode = FALSE
	EndGlobalSection
	GlobalSection(ExtensibilityGlobals) = postSolution
		SolutionGuid = {92F64E05-CC7D-448D-97BB-A04DB7AE7BB8}
	EndGlobalSection
EndGlobal
